// !$*UTF8*$!
{
	archiveVersion = 1;
	classes = {
	};
	objectVersion = 50;
	objects = {

/* Begin PBXBuildFile section */
		74306ED026793770007B4E21 /* AppDelegate.swift in Sources */ = {isa = PBXBuildFile; fileRef = 74306ECF26793770007B4E21 /* AppDelegate.swift */; };
		74306ED226793770007B4E21 /* SceneDelegate.swift in Sources */ = {isa = PBXBuildFile; fileRef = 74306ED126793770007B4E21 /* SceneDelegate.swift */; };
		74306ED426793770007B4E21 /* ViewController.swift in Sources */ = {isa = PBXBuildFile; fileRef = 74306ED326793770007B4E21 /* ViewController.swift */; };
		74306ED726793770007B4E21 /* Main.storyboard in Resources */ = {isa = PBXBuildFile; fileRef = 74306ED526793770007B4E21 /* Main.storyboard */; };
		74306ED926793772007B4E21 /* Assets.xcassets in Resources */ = {isa = PBXBuildFile; fileRef = 74306ED826793772007B4E21 /* Assets.xcassets */; };
		74306EDC26793772007B4E21 /* LaunchScreen.storyboard in Resources */ = {isa = PBXBuildFile; fileRef = 74306EDA26793772007B4E21 /* LaunchScreen.storyboard */; };
		9DCD3862267A6D970045F80F /* song1.mp3 in Resources */ = {isa = PBXBuildFile; fileRef = 9DCD3861267A6D970045F80F /* song1.mp3 */; };
		9DCD3864267AB6740045F80F /* PlayerViewController.swift in Sources */ = {isa = PBXBuildFile; fileRef = 9DCD3863267AB6740045F80F /* PlayerViewController.swift */; };
/* End PBXBuildFile section */

/* Begin PBXFileReference section */
		74306ECC26793770007B4E21 /* Brain Break Project.app */ = {isa = PBXFileReference; explicitFileType = wrapper.application; includeInIndex = 0; path = "Brain Break Project.app"; sourceTree = BUILT_PRODUCTS_DIR; };
		74306ECF26793770007B4E21 /* AppDelegate.swift */ = {isa = PBXFileReference; lastKnownFileType = sourcecode.swift; path = AppDelegate.swift; sourceTree = "<group>"; };
		74306ED126793770007B4E21 /* SceneDelegate.swift */ = {isa = PBXFileReference; lastKnownFileType = sourcecode.swift; path = SceneDelegate.swift; sourceTree = "<group>"; };
		74306ED326793770007B4E21 /* ViewController.swift */ = {isa = PBXFileReference; lastKnownFileType = sourcecode.swift; path = ViewController.swift; sourceTree = "<group>"; };
		74306ED626793770007B4E21 /* Base */ = {isa = PBXFileReference; lastKnownFileType = file.storyboard; name = Base; path = Base.lproj/Main.storyboard; sourceTree = "<group>"; };
		74306ED826793772007B4E21 /* Assets.xcassets */ = {isa = PBXFileReference; lastKnownFileType = folder.assetcatalog; path = Assets.xcassets; sourceTree = "<group>"; };
		74306EDB26793772007B4E21 /* Base */ = {isa = PBXFileReference; lastKnownFileType = file.storyboard; name = Base; path = Base.lproj/LaunchScreen.storyboard; sourceTree = "<group>"; };
		74306EDD26793772007B4E21 /* Info.plist */ = {isa = PBXFileReference; lastKnownFileType = text.plist.xml; path = Info.plist; sourceTree = "<group>"; };
		9DCD3861267A6D970045F80F /* song1.mp3 */ = {isa = PBXFileReference; lastKnownFileType = audio.mp3; path = song1.mp3; sourceTree = "<group>"; };
		9DCD3863267AB6740045F80F /* PlayerViewController.swift */ = {isa = PBXFileReference; lastKnownFileType = sourcecode.swift; path = PlayerViewController.swift; sourceTree = "<group>"; };
/* End PBXFileReference section */

/* Begin PBXFrameworksBuildPhase section */
		74306EC926793770007B4E21 /* Frameworks */ = {
			isa = PBXFrameworksBuildPhase;
			buildActionMask = 2147483647;
			files = (
			);
			runOnlyForDeploymentPostprocessing = 0;
		};
/* End PBXFrameworksBuildPhase section */

/* Begin PBXGroup section */
		74306EC326793770007B4E21 = {
			isa = PBXGroup;
			children = (
				74306ECE26793770007B4E21 /* Brain Break Project */,
				74306ECD26793770007B4E21 /* Products */,
			);
			sourceTree = "<group>";
		};
		74306ECD26793770007B4E21 /* Products */ = {
			isa = PBXGroup;
			children = (
				74306ECC26793770007B4E21 /* Brain Break Project.app */,
			);
			name = Products;
			sourceTree = "<group>";
		};
		74306ECE26793770007B4E21 /* Brain Break Project */ = {
			isa = PBXGroup;
			children = (
				9DCD3860267A680C0045F80F /* Mad audio */,
				74306ECF26793770007B4E21 /* AppDelegate.swift */,
				74306ED126793770007B4E21 /* SceneDelegate.swift */,
				74306ED326793770007B4E21 /* ViewController.swift */,
				74306ED526793770007B4E21 /* Main.storyboard */,
				74306ED826793772007B4E21 /* Assets.xcassets */,
				74306EDA26793772007B4E21 /* LaunchScreen.storyboard */,
				74306EDD26793772007B4E21 /* Info.plist */,
				9DCD3863267AB6740045F80F /* PlayerViewController.swift */,
			);
			path = "Brain Break Project";
			sourceTree = "<group>";
		};
		9DCD3860267A680C0045F80F /* Mad audio */ = {
			isa = PBXGroup;
			children = (
				9DCD3861267A6D970045F80F /* song1.mp3 */,
			);
			path = "Mad audio";
			sourceTree = "<group>";
		};
/* End PBXGroup section */

/* Begin PBXNativeTarget section */
		74306ECB26793770007B4E21 /* Brain Break Project */ = {
			isa = PBXNativeTarget;
			buildConfigurationList = 74306EE026793772007B4E21 /* Build configuration list for PBXNativeTarget "Brain Break Project" */;
			buildPhases = (
				74306EC826793770007B4E21 /* Sources */,
				74306EC926793770007B4E21 /* Frameworks */,
				74306ECA26793770007B4E21 /* Resources */,
			);
			buildRules = (
			);
			dependencies = (
			);
			name = "Brain Break Project";
			productName = "Brain Break Project";
			productReference = 74306ECC26793770007B4E21 /* Brain Break Project.app */;
			productType = "com.apple.product-type.application";
		};
/* End PBXNativeTarget section */

/* Begin PBXProject section */
		74306EC426793770007B4E21 /* Project object */ = {
			isa = PBXProject;
			attributes = {
				LastSwiftUpdateCheck = 1250;
				LastUpgradeCheck = 1250;
				TargetAttributes = {
					74306ECB26793770007B4E21 = {
						CreatedOnToolsVersion = 12.5;
					};
				};
			};
			buildConfigurationList = 74306EC726793770007B4E21 /* Build configuration list for PBXProject "Brain Break Project" */;
			compatibilityVersion = "Xcode 9.3";
			developmentRegion = en;
			hasScannedForEncodings = 0;
			knownRegions = (
				en,
				Base,
			);
			mainGroup = 74306EC326793770007B4E21;
			productRefGroup = 74306ECD26793770007B4E21 /* Products */;
			projectDirPath = "";
			projectRoot = "";
			targets = (
				74306ECB26793770007B4E21 /* Brain Break Project */,
			);
		};
/* End PBXProject section */

/* Begin PBXResourcesBuildPhase section */
		74306ECA26793770007B4E21 /* Resources */ = {
			isa = PBXResourcesBuildPhase;
			buildActionMask = 2147483647;
			files = (
				74306EDC26793772007B4E21 /* LaunchScreen.storyboard in Resources */,
				74306ED926793772007B4E21 /* Assets.xcassets in Resources */,
				9DCD3862267A6D970045F80F /* song1.mp3 in Resources */,
				74306ED726793770007B4E21 /* Main.storyboard in Resources */,
			);
			runOnlyForDeploymentPostprocessing = 0;
		};
/* End PBXResourcesBuildPhase section */

/* Begin PBXSourcesBuildPhase section */
		74306EC826793770007B4E21 /* Sources */ = {
			isa = PBXSourcesBuildPhase;
			buildActionMask = 2147483647;
			files = (
				74306ED426793770007B4E21 /* ViewController.swift in Sources */,
				9DCD3864267AB6740045F80F /* PlayerViewController.swift in Sources */,
				74306ED026793770007B4E21 /* AppDelegate.swift in Sources */,
				74306ED226793770007B4E21 /* SceneDelegate.swift in Sources */,
			);
			runOnlyForDeploymentPostprocessing = 0;
		};
/* End PBXSourcesBuildPhase section */

/* Begin PBXVariantGroup section */
		74306ED526793770007B4E21 /* Main.storyboard */ = {
			isa = PBXVariantGroup;
			children = (
				74306ED626793770007B4E21 /* Base */,
			);
			name = Main.storyboard;
			sourceTree = "<group>";
		};
		74306EDA26793772007B4E21 /* LaunchScreen.storyboard */ = {
			isa = PBXVariantGroup;
			children = (
				74306EDB26793772007B4E21 /* Base */,
			);
			name = LaunchScreen.storyboard;
			sourceTree = "<group>";
		};
/* End PBXVariantGroup section */

/* Begin XCBuildConfiguration section */
		74306EDE26793772007B4E21 /* Debug */ = {
			isa = XCBuildConfiguration;
			buildSettings = {
				ALWAYS_SEARCH_USER_PATHS = NO;
				CLANG_ANALYZER_NONNULL = YES;
				CLANG_ANALYZER_NUMBER_OBJECT_CONVERSION = YES_AGGRESSIVE;
				CLANG_CXX_LANGUAGE_STANDARD = "gnu++14";
				CLANG_CXX_LIBRARY = "libc++";
				CLANG_ENABLE_MODULES = YES;
				CLANG_ENABLE_OBJC_ARC = YES;
				CLANG_ENABLE_OBJC_WEAK = YES;
				CLANG_WARN_BLOCK_CAPTURE_AUTORELEASING = YES;
				CLANG_WARN_BOOL_CONVERSION = YES;
				CLANG_WARN_COMMA = YES;
				CLANG_WARN_CONSTANT_CONVERSION = YES;
				CLANG_WARN_DEPRECATED_OBJC_IMPLEMENTATIONS = YES;
				CLANG_WARN_DIRECT_OBJC_ISA_USAGE = YES_ERROR;
				CLANG_WARN_DOCUMENTATION_COMMENTS = YES;
				CLANG_WARN_EMPTY_BODY = YES;
				CLANG_WARN_ENUM_CONVERSION = YES;
				CLANG_WARN_INFINITE_RECURSION = YES;
				CLANG_WARN_INT_CONVERSION = YES;
				CLANG_WARN_NON_LITERAL_NULL_CONVERSION = YES;
				CLANG_WARN_OBJC_IMPLICIT_RETAIN_SELF = YES;
				CLANG_WARN_OBJC_LITERAL_CONVERSION = YES;
				CLANG_WARN_OBJC_ROOT_CLASS = YES_ERROR;
				CLANG_WARN_QUOTED_INCLUDE_IN_FRAMEWORK_HEADER = YES;
				CLANG_WARN_RANGE_LOOP_ANALYSIS = YES;
				CLANG_WARN_STRICT_PROTOTYPES = YES;
				CLANG_WARN_SUSPICIOUS_MOVE = YES;
				CLANG_WARN_UNGUARDED_AVAILABILITY = YES_AGGRESSIVE;
				CLANG_WARN_UNREACHABLE_CODE = YES;
				CLANG_WARN__DUPLICATE_METHOD_MATCH = YES;
				COPY_PHASE_STRIP = NO;
				DEBUG_INFORMATION_FORMAT = dwarf;
				ENABLE_STRICT_OBJC_MSGSEND = YES;
				ENABLE_TESTABILITY = YES;
				GCC_C_LANGUAGE_STANDARD = gnu11;
				GCC_DYNAMIC_NO_PIC = NO;
				GCC_NO_COMMON_BLOCKS = YES;
				GCC_OPTIMIZATION_LEVEL = 0;
				GCC_PREPROCESSOR_DEFINITIONS = (
					"DEBUG=1",
					"$(inherited)",
				);
				GCC_WARN_64_TO_32_BIT_CONVERSION = YES;
				GCC_WARN_ABOUT_RETURN_TYPE = YES_ERROR;
				GCC_WARN_UNDECLARED_SELECTOR = YES;
				GCC_WARN_UNINITIALIZED_AUTOS = YES_AGGRESSIVE;
				GCC_WARN_UNUSED_FUNCTION = YES;
				GCC_WARN_UNUSED_VARIABLE = YES;
				IPHONEOS_DEPLOYMENT_TARGET = 14.5;
				MTL_ENABLE_DEBUG_INFO = INCLUDE_SOURCE;
				MTL_FAST_MATH = YES;
				ONLY_ACTIVE_ARCH = YES;
				SDKROOT = iphoneos;
				SWIFT_ACTIVE_COMPILATION_CONDITIONS = DEBUG;
				SWIFT_OPTIMIZATION_LEVEL = "-Onone";
			};
			name = Debug;
		};
		74306EDF26793772007B4E21 /* Release */ = {
			isa = XCBuildConfiguration;
			buildSettings = {
				ALWAYS_SEARCH_USER_PATHS = NO;
				CLANG_ANALYZER_NONNULL = YES;
				CLANG_ANALYZER_NUMBER_OBJECT_CONVERSION = YES_AGGRESSIVE;
				CLANG_CXX_LANGUAGE_STANDARD = "gnu++14";
				CLANG_CXX_LIBRARY = "libc++";
				CLANG_ENABLE_MODULES = YES;
				CLANG_ENABLE_OBJC_ARC = YES;
				CLANG_ENABLE_OBJC_WEAK = YES;
				CLANG_WARN_BLOCK_CAPTURE_AUTORELEASING = YES;
				CLANG_WARN_BOOL_CONVERSION = YES;
				CLANG_WARN_COMMA = YES;
				CLANG_WARN_CONSTANT_CONVERSION = YES;
				CLANG_WARN_DEPRECATED_OBJC_IMPLEMENTATIONS = YES;
				CLANG_WARN_DIRECT_OBJC_ISA_USAGE = YES_ERROR;
				CLANG_WARN_DOCUMENTATION_COMMENTS = YES;
				CLANG_WARN_EMPTY_BODY = YES;
				CLANG_WARN_ENUM_CONVERSION = YES;
				CLANG_WARN_INFINITE_RECURSION = YES;
				CLANG_WARN_INT_CONVERSION = YES;
				CLANG_WARN_NON_LITERAL_NULL_CONVERSION = YES;
				CLANG_WARN_OBJC_IMPLICIT_RETAIN_SELF = YES;
				CLANG_WARN_OBJC_LITERAL_CONVERSION = YES;
				CLANG_WARN_OBJC_ROOT_CLASS = YES_ERROR;
				CLANG_WARN_QUOTED_INCLUDE_IN_FRAMEWORK_HEADER = YES;
				CLANG_WARN_RANGE_LOOP_ANALYSIS = YES;
				CLANG_WARN_STRICT_PROTOTYPES = YES;
				CLANG_WARN_SUSPICIOUS_MOVE = YES;
				CLANG_WARN_UNGUARDED_AVAILABILITY = YES_AGGRESSIVE;
				CLANG_WARN_UNREACHABLE_CODE = YES;
				CLANG_WARN__DUPLICATE_METHOD_MATCH = YES;
				COPY_PHASE_STRIP = NO;
				DEBUG_INFORMATION_FORMAT = "dwarf-with-dsym";
				ENABLE_NS_ASSERTIONS = NO;
				ENABLE_STRICT_OBJC_MSGSEND = YES;
				GCC_C_LANGUAGE_STANDARD = gnu11;
				GCC_NO_COMMON_BLOCKS = YES;
				GCC_WARN_64_TO_32_BIT_CONVERSION = YES;
				GCC_WARN_ABOUT_RETURN_TYPE = YES_ERROR;
				GCC_WARN_UNDECLARED_SELECTOR = YES;
				GCC_WARN_UNINITIALIZED_AUTOS = YES_AGGRESSIVE;
				GCC_WARN_UNUSED_FUNCTION = YES;
				GCC_WARN_UNUSED_VARIABLE = YES;
				IPHONEOS_DEPLOYMENT_TARGET = 14.5;
				MTL_ENABLE_DEBUG_INFO = NO;
				MTL_FAST_MATH = YES;
				SDKROOT = iphoneos;
				SWIFT_COMPILATION_MODE = wholemodule;
				SWIFT_OPTIMIZATION_LEVEL = "-O";
				VALIDATE_PRODUCT = YES;
			};
			name = Release;
		};
		74306EE126793772007B4E21 /* Debug */ = {
			isa = XCBuildConfiguration;
			buildSettings = {
				ASSETCATALOG_COMPILER_APPICON_NAME = AppIcon;
				ASSETCATALOG_COMPILER_GLOBAL_ACCENT_COLOR_NAME = AccentColor;
				CODE_SIGN_STYLE = Automatic;
				DEVELOPMENT_TEAM = RNPGWBCD48;
				INFOPLIST_FILE = "Brain Break Project/Info.plist";
				LD_RUNPATH_SEARCH_PATHS = (
					"$(inherited)",
					"@executable_path/Frameworks",
				);
				PRODUCT_BUNDLE_IDENTIFIER = "com.example.Brain-Break-Project";
				PRODUCT_NAME = "$(TARGET_NAME)";
				SWIFT_VERSION = 5.0;
				TARGETED_DEVICE_FAMILY = "1,2";
			};
			name = Debug;
		};
		74306EE226793772007B4E21 /* Release */ = {
			isa = XCBuildConfiguration;
			buildSettings = {
				ASSETCATALOG_COMPILER_APPICON_NAME = AppIcon;
				ASSETCATALOG_COMPILER_GLOBAL_ACCENT_COLOR_NAME = AccentColor;
				CODE_SIGN_STYLE = Automatic;
				DEVELOPMENT_TEAM = RNPGWBCD48;
				INFOPLIST_FILE = "Brain Break Project/Info.plist";
				LD_RUNPATH_SEARCH_PATHS = (
					"$(inherited)",
					"@executable_path/Frameworks",
				);
				PRODUCT_BUNDLE_IDENTIFIER = "com.example.Brain-Break-Project";
				PRODUCT_NAME = "$(TARGET_NAME)";
				SWIFT_VERSION = 5.0;
				TARGETED_DEVICE_FAMILY = "1,2";
			};
			name = Release;
		};
/* End XCBuildConfiguration section */

/* Begin XCConfigurationList section */
		74306EC726793770007B4E21 /* Build configuration list for PBXProject "Brain Break Project" */ = {
			isa = XCConfigurationList;
			buildConfigurations = (
				74306EDE26793772007B4E21 /* Debug */,
				74306EDF26793772007B4E21 /* Release */,
			);
			defaultConfigurationIsVisible = 0;
			defaultConfigurationName = Release;
		};
		74306EE026793772007B4E21 /* Build configuration list for PBXNativeTarget "Brain Break Project" */ = {
			isa = XCConfigurationList;
			buildConfigurations = (
				74306EE126793772007B4E21 /* Debug */,
				74306EE226793772007B4E21 /* Release */,
			);
			defaultConfigurationIsVisible = 0;
			defaultConfigurationName = Release;
		};
/* End XCConfigurationList section */
	};
	rootObject = 74306EC426793770007B4E21 /* Project object */;
}
